#
# This file is autogenerated by pip-compile with Python 3.14
# by the following command:
#
#    pip-compile --generate-hashes --output-file=python-engine/requirements.lock python-engine/requirements.txt
#
mutagen==1.48.1 \
    --hash=sha256:4f077fe87d3fc7fba259aa63d8c026b18382ca6a42ef37c61e16f1b1b5b82fe7 \
    --hash=sha256:8f95637ab9f6f305cec6bd1294e197debe207998e3e068596563c74f86b0a173
    # via -r python-engine/requirements.txt
yt-dlp==2026.8.19 \
    --hash=sha256:1d57897e94c6665a0a6f9bc54b34e584284e32c034ffab3a7df25d8f7b24eedf \
    --hash=sha256:9e213e48cea35c66b378e4447903f118f6392a5fa380a2b6d7070ec86f4e0af1
    # via -r python-engine/requirements.txt
